// !$*UTF8*$!
{
	archiveVersion = 1;
	classes = {
	};
	objectVersion = 55;
	objects = {

/* Begin PBXBuildFile section */
		84BAF17C26FB823D00BAE35C /* TestSwiftUIApp.swift in Sources */ = {isa = PBXBuildFile; fileRef = 84BAF17B26FB823D00BAE35C /* TestSwiftUIApp.swift */; };
		84BAF17E26FB823D00BAE35C /* ListView.swift in Sources */ = {isa = PBXBuildFile; fileRef = 84BAF17D26FB823D00BAE35C /* ListView.swift */; };
		84BAF18026FB823F00BAE35C /* Assets.xcassets in Resources */ = {isa = PBXBuildFile; fileRef = 84BAF17F26FB823F00BAE35C /* Assets.xcassets */; };
		84BAF18326FB823F00BAE35C /* Preview Assets.xcassets in Resources */ = {isa = PBXBuildFile; fileRef = 84BAF18226FB823F00BAE35C /* Preview Assets.xcassets */; };
		84BAF18C26FB8C2600BAE35C /* Layout.swift in Sources */ = {isa = PBXBuildFile; fileRef = 84BAF18B26FB8C2600BAE35C /* Layout.swift */; };
		84BAF18E26FB90DF00BAE35C /* BaseView.swift in Sources */ = {isa = PBXBuildFile; fileRef = 84BAF18D26FB90DF00BAE35C /* BaseView.swift */; };
		84BAF19226FB91B300BAE35C /* Localizable.strings in Resources */ = {isa = PBXBuildFile; fileRef = 84BAF19426FB91B300BAE35C /* Localizable.strings */; };
		84BAF19826FB945B00BAE35C /* AnimationTest.swift in Sources */ = {isa = PBXBuildFile; fileRef = 84BAF19726FB945B00BAE35C /* AnimationTest.swift */; };
		84BAF19A26FB99C400BAE35C /* Nav.swift in Sources */ = {isa = PBXBuildFile; fileRef = 84BAF19926FB99C400BAE35C /* Nav.swift */; };
		84BAF19C26FBA26C00BAE35C /* SingleDataSource.swift in Sources */ = {isa = PBXBuildFile; fileRef = 84BAF19B26FBA26C00BAE35C /* SingleDataSource.swift */; };
/* End PBXBuildFile section */

/* Begin PBXFileReference section */
		84BAF17826FB823D00BAE35C /* TestSwiftUI.app */ = {isa = PBXFileReference; explicitFileType = wrapper.application; includeInIndex = 0; path = TestSwiftUI.app; sourceTree = BUILT_PRODUCTS_DIR; };
		84BAF17B26FB823D00BAE35C /* TestSwiftUIApp.swift */ = {isa = PBXFileReference; lastKnownFileType = sourcecode.swift; path = TestSwiftUIApp.swift; sourceTree = "<group>"; };
		84BAF17D26FB823D00BAE35C /* ListView.swift */ = {isa = PBXFileReference; lastKnownFileType = sourcecode.swift; path = ListView.swift; sourceTree = "<group>"; };
		84BAF17F26FB823F00BAE35C /* Assets.xcassets */ = {isa = PBXFileReference; lastKnownFileType = folder.assetcatalog; path = Assets.xcassets; sourceTree = "<group>"; };
		84BAF18226FB823F00BAE35C /* Preview Assets.xcassets */ = {isa = PBXFileReference; lastKnownFileType = folder.assetcatalog; path = "Preview Assets.xcassets"; sourceTree = "<group>"; };
		84BAF18B26FB8C2600BAE35C /* Layout.swift */ = {isa = PBXFileReference; lastKnownFileType = sourcecode.swift; path = Layout.swift; sourceTree = "<group>"; };
		84BAF18D26FB90DF00BAE35C /* BaseView.swift */ = {isa = PBXFileReference; lastKnownFileType = sourcecode.swift; path = BaseView.swift; sourceTree = "<group>"; };
		84BAF19326FB91B300BAE35C /* en */ = {isa = PBXFileReference; lastKnownFileType = text.plist.strings; name = en; path = en.lproj/Localizable.strings; sourceTree = "<group>"; };
		84BAF19526FB91B400BAE35C /* zh-Hans */ = {isa = PBXFileReference; lastKnownFileType = text.plist.strings; name = "zh-Hans"; path = "zh-Hans.lproj/Localizable.strings"; sourceTree = "<group>"; };
		84BAF19626FB91B600BAE35C /* fr */ = {isa = PBXFileReference; lastKnownFileType = text.plist.strings; name = fr; path = fr.lproj/Localizable.strings; sourceTree = "<group>"; };
		84BAF19726FB945B00BAE35C /* AnimationTest.swift */ = {isa = PBXFileReference; lastKnownFileType = sourcecode.swift; path = AnimationTest.swift; sourceTree = "<group>"; };
		84BAF19926FB99C400BAE35C /* Nav.swift */ = {isa = PBXFileReference; lastKnownFileType = sourcecode.swift; path = Nav.swift; sourceTree = "<group>"; };
		84BAF19B26FBA26C00BAE35C /* SingleDataSource.swift */ = {isa = PBXFileReference; lastKnownFileType = sourcecode.swift; path = SingleDataSource.swift; sourceTree = "<group>"; };
/* End PBXFileReference section */

/* Begin PBXFrameworksBuildPhase section */
		84BAF17526FB823D00BAE35C /* Frameworks */ = {
			isa = PBXFrameworksBuildPhase;
			buildActionMask = 2147483647;
			files = (
			);
			runOnlyForDeploymentPostprocessing = 0;
		};
/* End PBXFrameworksBuildPhase section */

/* Begin PBXGroup section */
		84BAF16F26FB823D00BAE35C = {
			isa = PBXGroup;
			children = (
				84BAF17A26FB823D00BAE35C /* TestSwiftUI */,
				84BAF17926FB823D00BAE35C /* Products */,
			);
			sourceTree = "<group>";
		};
		84BAF17926FB823D00BAE35C /* Products */ = {
			isa = PBXGroup;
			children = (
				84BAF17826FB823D00BAE35C /* TestSwiftUI.app */,
			);
			name = Products;
			sourceTree = "<group>";
		};
		84BAF17A26FB823D00BAE35C /* TestSwiftUI */ = {
			isa = PBXGroup;
			children = (
				84BAF18F26FB90E100BAE35C /* 演示view */,
				84BAF17B26FB823D00BAE35C /* TestSwiftUIApp.swift */,
				84BAF17F26FB823F00BAE35C /* Assets.xcassets */,
				84BAF18126FB823F00BAE35C /* Preview Content */,
				84BAF19426FB91B300BAE35C /* Localizable.strings */,
			);
			path = TestSwiftUI;
			sourceTree = "<group>";
		};
		84BAF18126FB823F00BAE35C /* Preview Content */ = {
			isa = PBXGroup;
			children = (
				84BAF18226FB823F00BAE35C /* Preview Assets.xcassets */,
			);
			path = "Preview Content";
			sourceTree = "<group>";
		};
		84BAF18F26FB90E100BAE35C /* 演示view */ = {
			isa = PBXGroup;
			children = (
				84BAF18D26FB90DF00BAE35C /* BaseView.swift */,
				84BAF18B26FB8C2600BAE35C /* Layout.swift */,
				84BAF19726FB945B00BAE35C /* AnimationTest.swift */,
				84BAF17D26FB823D00BAE35C /* ListView.swift */,
				84BAF19B26FBA26C00BAE35C /* SingleDataSource.swift */,
				84BAF19926FB99C400BAE35C /* Nav.swift */,
			);
			path = "演示view";
			sourceTree = "<group>";
		};
/* End PBXGroup section */

/* Begin PBXNativeTarget section */
		84BAF17726FB823D00BAE35C /* TestSwiftUI */ = {
			isa = PBXNativeTarget;
			buildConfigurationList = 84BAF18626FB823F00BAE35C /* Build configuration list for PBXNativeTarget "TestSwiftUI" */;
			buildPhases = (
				84BAF17426FB823D00BAE35C /* Sources */,
				84BAF17526FB823D00BAE35C /* Frameworks */,
				84BAF17626FB823D00BAE35C /* Resources */,
			);
			buildRules = (
			);
			dependencies = (
			);
			name = TestSwiftUI;
			productName = TestSwiftUI;
			productReference = 84BAF17826FB823D00BAE35C /* TestSwiftUI.app */;
			productType = "com.apple.product-type.application";
		};
/* End PBXNativeTarget section */

/* Begin PBXProject section */
		84BAF17026FB823D00BAE35C /* Project object */ = {
			isa = PBXProject;
			attributes = {
				BuildIndependentTargetsInParallel = 1;
				LastSwiftUpdateCheck = 1300;
				LastUpgradeCheck = 1300;
				TargetAttributes = {
					84BAF17726FB823D00BAE35C = {
						CreatedOnToolsVersion = 13.0;
					};
				};
			};
			buildConfigurationList = 84BAF17326FB823D00BAE35C /* Build configuration list for PBXProject "TestSwiftUI" */;
			compatibilityVersion = "Xcode 13.0";
			developmentRegion = en;
			hasScannedForEncodings = 0;
			knownRegions = (
				en,
				Base,
				"zh-Hans",
				fr,
			);
			mainGroup = 84BAF16F26FB823D00BAE35C;
			productRefGroup = 84BAF17926FB823D00BAE35C /* Products */;
			projectDirPath = "";
			projectRoot = "";
			targets = (
				84BAF17726FB823D00BAE35C /* TestSwiftUI */,
			);
		};
/* End PBXProject section */

/* Begin PBXResourcesBuildPhase section */
		84BAF17626FB823D00BAE35C /* Resources */ = {
			isa = PBXResourcesBuildPhase;
			buildActionMask = 2147483647;
			files = (
				84BAF18326FB823F00BAE35C /* Preview Assets.xcassets in Resources */,
				84BAF19226FB91B300BAE35C /* Localizable.strings in Resources */,
				84BAF18026FB823F00BAE35C /* Assets.xcassets in Resources */,
			);
			runOnlyForDeploymentPostprocessing = 0;
		};
/* End PBXResourcesBuildPhase section */

/* Begin PBXSourcesBuildPhase section */
		84BAF17426FB823D00BAE35C /* Sources */ = {
			isa = PBXSourcesBuildPhase;
			buildActionMask = 2147483647;
			files = (
				84BAF19A26FB99C400BAE35C /* Nav.swift in Sources */,
				84BAF17E26FB823D00BAE35C /* ListView.swift in Sources */,
				84BAF17C26FB823D00BAE35C /* TestSwiftUIApp.swift in Sources */,
				84BAF18C26FB8C2600BAE35C /* Layout.swift in Sources */,
				84BAF19C26FBA26C00BAE35C /* SingleDataSource.swift in Sources */,
				84BAF19826FB945B00BAE35C /* AnimationTest.swift in Sources */,
				84BAF18E26FB90DF00BAE35C /* BaseView.swift in Sources */,
			);
			runOnlyForDeploymentPostprocessing = 0;
		};
/* End PBXSourcesBuildPhase section */

/* Begin PBXVariantGroup section */
		84BAF19426FB91B300BAE35C /* Localizable.strings */ = {
			isa = PBXVariantGroup;
			children = (
				84BAF19326FB91B300BAE35C /* en */,
				84BAF19526FB91B400BAE35C /* zh-Hans */,
				84BAF19626FB91B600BAE35C /* fr */,
			);
			name = Localizable.strings;
			sourceTree = "<group>";
		};
/* End PBXVariantGroup section */

/* Begin XCBuildConfiguration section */
		84BAF18426FB823F00BAE35C /* Debug */ = {
			isa = XCBuildConfiguration;
			buildSettings = {
				ALWAYS_SEARCH_USER_PATHS = NO;
				CLANG_ANALYZER_NONNULL = YES;
				CLANG_ANALYZER_NUMBER_OBJECT_CONVERSION = YES_AGGRESSIVE;
				CLANG_CXX_LANGUAGE_STANDARD = "gnu++17";
				CLANG_CXX_LIBRARY = "libc++";
				CLANG_ENABLE_MODULES = YES;
				CLANG_ENABLE_OBJC_ARC = YES;
				CLANG_ENABLE_OBJC_WEAK = YES;
				CLANG_WARN_BLOCK_CAPTURE_AUTORELEASING = YES;
				CLANG_WARN_BOOL_CONVERSION = YES;
				CLANG_WARN_COMMA = YES;
				CLANG_WARN_CONSTANT_CONVERSION = YES;
				CLANG_WARN_DEPRECATED_OBJC_IMPLEMENTATIONS = YES;
				CLANG_WARN_DIRECT_OBJC_ISA_USAGE = YES_ERROR;
				CLANG_WARN_DOCUMENTATION_COMMENTS = YES;
				CLANG_WARN_EMPTY_BODY = YES;
				CLANG_WARN_ENUM_CONVERSION = YES;
				CLANG_WARN_INFINITE_RECURSION = YES;
				CLANG_WARN_INT_CONVERSION = YES;
				CLANG_WARN_NON_LITERAL_NULL_CONVERSION = YES;
				CLANG_WARN_OBJC_IMPLICIT_RETAIN_SELF = YES;
				CLANG_WARN_OBJC_LITERAL_CONVERSION = YES;
				CLANG_WARN_OBJC_ROOT_CLASS = YES_ERROR;
				CLANG_WARN_QUOTED_INCLUDE_IN_FRAMEWORK_HEADER = YES;
				CLANG_WARN_RANGE_LOOP_ANALYSIS = YES;
				CLANG_WARN_STRICT_PROTOTYPES = YES;
				CLANG_WARN_SUSPICIOUS_MOVE = YES;
				CLANG_WARN_UNGUARDED_AVAILABILITY = YES_AGGRESSIVE;
				CLANG_WARN_UNREACHABLE_CODE = YES;
				CLANG_WARN__DUPLICATE_METHOD_MATCH = YES;
				COPY_PHASE_STRIP = NO;
				DEBUG_INFORMATION_FORMAT = dwarf;
				ENABLE_STRICT_OBJC_MSGSEND = YES;
				ENABLE_TESTABILITY = YES;
				GCC_C_LANGUAGE_STANDARD = gnu11;
				GCC_DYNAMIC_NO_PIC = NO;
				GCC_NO_COMMON_BLOCKS = YES;
				GCC_OPTIMIZATION_LEVEL = 0;
				GCC_PREPROCESSOR_DEFINITIONS = (
					"DEBUG=1",
					"$(inherited)",
				);
				GCC_WARN_64_TO_32_BIT_CONVERSION = YES;
				GCC_WARN_ABOUT_RETURN_TYPE = YES_ERROR;
				GCC_WARN_UNDECLARED_SELECTOR = YES;
				GCC_WARN_UNINITIALIZED_AUTOS = YES_AGGRESSIVE;
				GCC_WARN_UNUSED_FUNCTION = YES;
				GCC_WARN_UNUSED_VARIABLE = YES;
				IPHONEOS_DEPLOYMENT_TARGET = 15.0;
				MTL_ENABLE_DEBUG_INFO = INCLUDE_SOURCE;
				MTL_FAST_MATH = YES;
				ONLY_ACTIVE_ARCH = YES;
				SDKROOT = iphoneos;
				SWIFT_ACTIVE_COMPILATION_CONDITIONS = DEBUG;
				SWIFT_OPTIMIZATION_LEVEL = "-Onone";
			};
			name = Debug;
		};
		84BAF18526FB823F00BAE35C /* Release */ = {
			isa = XCBuildConfiguration;
			buildSettings = {
				ALWAYS_SEARCH_USER_PATHS = NO;
				CLANG_ANALYZER_NONNULL = YES;
				CLANG_ANALYZER_NUMBER_OBJECT_CONVERSION = YES_AGGRESSIVE;
				CLANG_CXX_LANGUAGE_STANDARD = "gnu++17";
				CLANG_CXX_LIBRARY = "libc++";
				CLANG_ENABLE_MODULES = YES;
				CLANG_ENABLE_OBJC_ARC = YES;
				CLANG_ENABLE_OBJC_WEAK = YES;
				CLANG_WARN_BLOCK_CAPTURE_AUTORELEASING = YES;
				CLANG_WARN_BOOL_CONVERSION = YES;
				CLANG_WARN_COMMA = YES;
				CLANG_WARN_CONSTANT_CONVERSION = YES;
				CLANG_WARN_DEPRECATED_OBJC_IMPLEMENTATIONS = YES;
				CLANG_WARN_DIRECT_OBJC_ISA_USAGE = YES_ERROR;
				CLANG_WARN_DOCUMENTATION_COMMENTS = YES;
				CLANG_WARN_EMPTY_BODY = YES;
				CLANG_WARN_ENUM_CONVERSION = YES;
				CLANG_WARN_INFINITE_RECURSION = YES;
				CLANG_WARN_INT_CONVERSION = YES;
				CLANG_WARN_NON_LITERAL_NULL_CONVERSION = YES;
				CLANG_WARN_OBJC_IMPLICIT_RETAIN_SELF = YES;
				CLANG_WARN_OBJC_LITERAL_CONVERSION = YES;
				CLANG_WARN_OBJC_ROOT_CLASS = YES_ERROR;
				CLANG_WARN_QUOTED_INCLUDE_IN_FRAMEWORK_HEADER = YES;
				CLANG_WARN_RANGE_LOOP_ANALYSIS = YES;
				CLANG_WARN_STRICT_PROTOTYPES = YES;
				CLANG_WARN_SUSPICIOUS_MOVE = YES;
				CLANG_WARN_UNGUARDED_AVAILABILITY = YES_AGGRESSIVE;
				CLANG_WARN_UNREACHABLE_CODE = YES;
				CLANG_WARN__DUPLICATE_METHOD_MATCH = YES;
				COPY_PHASE_STRIP = NO;
				DEBUG_INFORMATION_FORMAT = "dwarf-with-dsym";
				ENABLE_NS_ASSERTIONS = NO;
				ENABLE_STRICT_OBJC_MSGSEND = YES;
				GCC_C_LANGUAGE_STANDARD = gnu11;
				GCC_NO_COMMON_BLOCKS = YES;
				GCC_WARN_64_TO_32_BIT_CONVERSION = YES;
				GCC_WARN_ABOUT_RETURN_TYPE = YES_ERROR;
				GCC_WARN_UNDECLARED_SELECTOR = YES;
				GCC_WARN_UNINITIALIZED_AUTOS = YES_AGGRESSIVE;
				GCC_WARN_UNUSED_FUNCTION = YES;
				GCC_WARN_UNUSED_VARIABLE = YES;
				IPHONEOS_DEPLOYMENT_TARGET = 15.0;
				MTL_ENABLE_DEBUG_INFO = NO;
				MTL_FAST_MATH = YES;
				SDKROOT = iphoneos;
				SWIFT_COMPILATION_MODE = wholemodule;
				SWIFT_OPTIMIZATION_LEVEL = "-O";
				VALIDATE_PRODUCT = YES;
			};
			name = Release;
		};
		84BAF18726FB823F00BAE35C /* Debug */ = {
			isa = XCBuildConfiguration;
			buildSettings = {
				ASSETCATALOG_COMPILER_APPICON_NAME = AppIcon;
				ASSETCATALOG_COMPILER_GLOBAL_ACCENT_COLOR_NAME = AccentColor;
				CODE_SIGN_STYLE = Automatic;
				CURRENT_PROJECT_VERSION = 1;
				DEVELOPMENT_ASSET_PATHS = "\"TestSwiftUI/Preview Content\"";
				ENABLE_PREVIEWS = YES;
				GENERATE_INFOPLIST_FILE = YES;
				INFOPLIST_KEY_UIApplicationSceneManifest_Generation = YES;
				INFOPLIST_KEY_UIApplicationSupportsIndirectInputEvents = YES;
				INFOPLIST_KEY_UILaunchScreen_Generation = YES;
				INFOPLIST_KEY_UISupportedInterfaceOrientations_iPad = "UIInterfaceOrientationPortrait UIInterfaceOrientationPortraitUpsideDown UIInterfaceOrientationLandscapeLeft UIInterfaceOrientationLandscapeRight";
				INFOPLIST_KEY_UISupportedInterfaceOrientations_iPhone = "UIInterfaceOrientationPortrait UIInterfaceOrientationLandscapeLeft UIInterfaceOrientationLandscapeRight";
				IPHONEOS_DEPLOYMENT_TARGET = 14.0;
				LD_RUNPATH_SEARCH_PATHS = (
					"$(inherited)",
					"@executable_path/Frameworks",
				);
				MARKETING_VERSION = 1.0;
				PRODUCT_BUNDLE_IDENTIFIER = com.zu.TestSwiftUI;
				PRODUCT_NAME = "$(TARGET_NAME)";
				SWIFT_EMIT_LOC_STRINGS = YES;
				SWIFT_VERSION = 5.0;
				TARGETED_DEVICE_FAMILY = "1,2";
			};
			name = Debug;
		};
		84BAF18826FB823F00BAE35C /* Release */ = {
			isa = XCBuildConfiguration;
			buildSettings = {
				ASSETCATALOG_COMPILER_APPICON_NAME = AppIcon;
				ASSETCATALOG_COMPILER_GLOBAL_ACCENT_COLOR_NAME = AccentColor;
				CODE_SIGN_STYLE = Automatic;
				CURRENT_PROJECT_VERSION = 1;
				DEVELOPMENT_ASSET_PATHS = "\"TestSwiftUI/Preview Content\"";
				ENABLE_PREVIEWS = YES;
				GENERATE_INFOPLIST_FILE = YES;
				INFOPLIST_KEY_UIApplicationSceneManifest_Generation = YES;
				INFOPLIST_KEY_UIApplicationSupportsIndirectInputEvents = YES;
				INFOPLIST_KEY_UILaunchScreen_Generation = YES;
				INFOPLIST_KEY_UISupportedInterfaceOrientations_iPad = "UIInterfaceOrientationPortrait UIInterfaceOrientationPortraitUpsideDown UIInterfaceOrientationLandscapeLeft UIInterfaceOrientationLandscapeRight";
				INFOPLIST_KEY_UISupportedInterfaceOrientations_iPhone = "UIInterfaceOrientationPortrait UIInterfaceOrientationLandscapeLeft UIInterfaceOrientationLandscapeRight";
				IPHONEOS_DEPLOYMENT_TARGET = 14.0;
				LD_RUNPATH_SEARCH_PATHS = (
					"$(inherited)",
					"@executable_path/Frameworks",
				);
				MARKETING_VERSION = 1.0;
				PRODUCT_BUNDLE_IDENTIFIER = com.zu.TestSwiftUI;
				PRODUCT_NAME = "$(TARGET_NAME)";
				SWIFT_EMIT_LOC_STRINGS = YES;
				SWIFT_VERSION = 5.0;
				TARGETED_DEVICE_FAMILY = "1,2";
			};
			name = Release;
		};
/* End XCBuildConfiguration section */

/* Begin XCConfigurationList section */
		84BAF17326FB823D00BAE35C /* Build configuration list for PBXProject "TestSwiftUI" */ = {
			isa = XCConfigurationList;
			buildConfigurations = (
				84BAF18426FB823F00BAE35C /* Debug */,
				84BAF18526FB823F00BAE35C /* Release */,
			);
			defaultConfigurationIsVisible = 0;
			defaultConfigurationName = Release;
		};
		84BAF18626FB823F00BAE35C /* Build configuration list for PBXNativeTarget "TestSwiftUI" */ = {
			isa = XCConfigurationList;
			buildConfigurations = (
				84BAF18726FB823F00BAE35C /* Debug */,
				84BAF18826FB823F00BAE35C /* Release */,
			);
			defaultConfigurationIsVisible = 0;
			defaultConfigurationName = Release;
		};
/* End XCConfigurationList section */
	};
	rootObject = 84BAF17026FB823D00BAE35C /* Project object */;
}
